{
  "name": "@uark-acm/bho-data-models",
  "version": "1.0.0",
  "lockfileVersion": 2,
  "requires": true,
  "packages": {
    "": {
      "name": "@uark-acm/bho-data-models",
      "version": "1.0.0",
      "license": "ISC"
    }
  },
  "publishConfig": {
    "@uark-acm:registry": "https://npm.pkg.github.com"
  }
}
